
Microsoft Visual Studio Solution File, Format Version 12.00
# Visual Studio Version 17
VisualStudioVersion = 17.1.32210.238
MinimumVisualStudioVersion = 10.0.40219.1
Project("{FAE04EC0-301F-11D3-BF4B-00C04F79EFBC}") = "Vezba24.2", "Vezba24.2.csproj", "{A7B04BCF-D1FD-49BC-9BFD-C722D6E83CCB}"
EndProject
Global
	GlobalSection(SolutionConfigurationPlatforms) = preSolution
		Debug|Any CPU = Debug|Any CPU
		Release|Any CPU = Release|Any CPU
	EndGlobalSection
	GlobalSection(ProjectConfigurationPlatforms) = postSolution
		{A7B04BCF-D1FD-49BC-9BFD-C722D6E83CCB}.Debug|Any CPU.ActiveCfg = Debug|Any CPU
		{A7B04BCF-D1FD-49BC-9BFD-C722D6E83CCB}.Debug|Any CPU.Build.0 = Debug|Any CPU
		{A7B04BCF-D1FD-49BC-9BFD-C722D6E83CCB}.Release|Any CPU.ActiveCfg = Release|Any CPU
		{A7B04BCF-D1FD-49BC-9BFD-C722D6E83CCB}.Release|Any CPU.Build.0 = Release|Any CPU
	EndGlobalSection
	GlobalSection(SolutionProperties) = preSolution
		HideSolutionNode = FALSE
	EndGlobalSection
	GlobalSection(ExtensibilityGlobals) = postSolution
		SolutionGuid = {8C14E820-EAFA-44E1-A0A7-AB371F38B698}
	EndGlobalSection
EndGlobal
